
Microsoft Visual Studio Solution File, Format Version 12.00
# Visual Studio 15
VisualStudioVersion = 15.0.27703.2000
MinimumVisualStudioVersion = 10.0.40219.1
Project("{FAE04EC0-301F-11D3-BF4B-00C04F79EFBC}") = "DutchTreat", "DutchTreat\DutchTreat.csproj", "{7E8337AD-0761-4ADC-ACC4-C2535E904D4C}"
EndProject
Global
	GlobalSection(SolutionConfigurationPlatforms) = preSolution
		Debug|Any CPU = Debug|Any CPU
		Release|Any CPU = Release|Any CPU
	EndGlobalSection
	GlobalSection(ProjectConfigurationPlatforms) = postSolution
		{7E8337AD-0761-4ADC-ACC4-C2535E904D4C}.Debug|Any CPU.ActiveCfg = Debug|Any CPU
		{7E8337AD-0761-4ADC-ACC4-C2535E904D4C}.Debug|Any CPU.Build.0 = Debug|Any CPU
		{7E8337AD-0761-4ADC-ACC4-C2535E904D4C}.Release|Any CPU.ActiveCfg = Release|Any CPU
		{7E8337AD-0761-4ADC-ACC4-C2535E904D4C}.Release|Any CPU.Build.0 = Release|Any CPU
	EndGlobalSection
	GlobalSection(SolutionProperties) = preSolution
		HideSolutionNode = FALSE
	EndGlobalSection
	GlobalSection(ExtensibilityGlobals) = postSolution
		SolutionGuid = {8D4974D1-9D8B-4A78-A854-DF02727338BD}
	EndGlobalSection
EndGlobal
